
Microsoft Visual Studio Solution File, Format Version 12.00
# Visual Studio Version 17
VisualStudioVersion = 17.0.31903.59
MinimumVisualStudioVersion = 10.0.40219.1
Project("{2150E333-8FDC-42A3-9474-1A3956D46DE8}") = "src", "src", "{9B0CF5B8-4C19-461F-9437-97308E1CECB8}"
EndProject
Project("{F2A71F9B-5D33-465A-A702-920D77279786}") = "SongBook.Photino", "src\SongBook.Photino\SongBook.Photino.fsproj", "{2DAB11FE-FFDB-4E8B-9F4E-3A731778FD2A}"
EndProject
Project("{F2A71F9B-5D33-465A-A702-920D77279786}") = "Chords", "src\Chords\Chords.fsproj", "{77DA42D7-8A59-47BB-A241-636D4BFB64DA}"
EndProject
Project("{F2A71F9B-5D33-465A-A702-920D77279786}") = "SongBook.Avalonia", "src\SongBook.Avalonia\SongBook.Avalonia.fsproj", "{6FE2EAC1-76F3-42B8-A5F8-DB7E682A40D5}"
EndProject
Project("{FAE04EC0-301F-11D3-BF4B-00C04F79EFBC}") = "SongBook.Web", "src\SongBook.Web\SongBook.Web.fsproj", "{64D2E8EB-A99E-4D65-8C4E-B8D08F4A2277}"
EndProject
Global
	GlobalSection(SolutionConfigurationPlatforms) = preSolution
		Debug|Any CPU = Debug|Any CPU
		Release|Any CPU = Release|Any CPU
	EndGlobalSection
	GlobalSection(SolutionProperties) = preSolution
		HideSolutionNode = FALSE
	EndGlobalSection
	GlobalSection(ProjectConfigurationPlatforms) = postSolution
		{2DAB11FE-FFDB-4E8B-9F4E-3A731778FD2A}.Debug|Any CPU.ActiveCfg = Debug|Any CPU
		{2DAB11FE-FFDB-4E8B-9F4E-3A731778FD2A}.Debug|Any CPU.Build.0 = Debug|Any CPU
		{2DAB11FE-FFDB-4E8B-9F4E-3A731778FD2A}.Release|Any CPU.ActiveCfg = Release|Any CPU
		{2DAB11FE-FFDB-4E8B-9F4E-3A731778FD2A}.Release|Any CPU.Build.0 = Release|Any CPU
		{77DA42D7-8A59-47BB-A241-636D4BFB64DA}.Debug|Any CPU.ActiveCfg = Debug|Any CPU
		{77DA42D7-8A59-47BB-A241-636D4BFB64DA}.Debug|Any CPU.Build.0 = Debug|Any CPU
		{77DA42D7-8A59-47BB-A241-636D4BFB64DA}.Release|Any CPU.ActiveCfg = Release|Any CPU
		{77DA42D7-8A59-47BB-A241-636D4BFB64DA}.Release|Any CPU.Build.0 = Release|Any CPU
		{6FE2EAC1-76F3-42B8-A5F8-DB7E682A40D5}.Debug|Any CPU.ActiveCfg = Debug|Any CPU
		{6FE2EAC1-76F3-42B8-A5F8-DB7E682A40D5}.Debug|Any CPU.Build.0 = Debug|Any CPU
		{6FE2EAC1-76F3-42B8-A5F8-DB7E682A40D5}.Release|Any CPU.ActiveCfg = Release|Any CPU
		{6FE2EAC1-76F3-42B8-A5F8-DB7E682A40D5}.Release|Any CPU.Build.0 = Release|Any CPU
		{64D2E8EB-A99E-4D65-8C4E-B8D08F4A2277}.Debug|Any CPU.ActiveCfg = Debug|Any CPU
		{64D2E8EB-A99E-4D65-8C4E-B8D08F4A2277}.Debug|Any CPU.Build.0 = Debug|Any CPU
		{64D2E8EB-A99E-4D65-8C4E-B8D08F4A2277}.Release|Any CPU.ActiveCfg = Release|Any CPU
		{64D2E8EB-A99E-4D65-8C4E-B8D08F4A2277}.Release|Any CPU.Build.0 = Release|Any CPU
	EndGlobalSection
	GlobalSection(NestedProjects) = preSolution
		{2DAB11FE-FFDB-4E8B-9F4E-3A731778FD2A} = {9B0CF5B8-4C19-461F-9437-97308E1CECB8}
		{77DA42D7-8A59-47BB-A241-636D4BFB64DA} = {9B0CF5B8-4C19-461F-9437-97308E1CECB8}
		{6FE2EAC1-76F3-42B8-A5F8-DB7E682A40D5} = {9B0CF5B8-4C19-461F-9437-97308E1CECB8}
		{64D2E8EB-A99E-4D65-8C4E-B8D08F4A2277} = {9B0CF5B8-4C19-461F-9437-97308E1CECB8}
	EndGlobalSection
EndGlobal
